
Microsoft Visual Studio Solution File, Format Version 11.00
# Visual Studio 2010
Project("{FAE04EC0-301F-11D3-BF4B-00C04F79EFBC}") = "GroupOnC2", "GroupOnC2\GroupOnC2.csproj", "{0A8216BE-3CFA-4D7E-930A-A07B779BF32F}"
EndProject
Global
	GlobalSection(SolutionConfigurationPlatforms) = preSolution
		Debug|Any CPU = Debug|Any CPU
		Release|Any CPU = Release|Any CPU
	EndGlobalSection
	GlobalSection(ProjectConfigurationPlatforms) = postSolution
		{0A8216BE-3CFA-4D7E-930A-A07B779BF32F}.Debug|Any CPU.ActiveCfg = Debug|Any CPU
		{0A8216BE-3CFA-4D7E-930A-A07B779BF32F}.Debug|Any CPU.Build.0 = Debug|Any CPU
		{0A8216BE-3CFA-4D7E-930A-A07B779BF32F}.Release|Any CPU.ActiveCfg = Release|Any CPU
		{0A8216BE-3CFA-4D7E-930A-A07B779BF32F}.Release|Any CPU.Build.0 = Release|Any CPU
	EndGlobalSection
	GlobalSection(SolutionProperties) = preSolution
		HideSolutionNode = FALSE
	EndGlobalSection
EndGlobal
